
Microsoft Visual Studio Solution File, Format Version 12.00
# Visual Studio Version 17
VisualStudioVersion = 17.5.002.0
MinimumVisualStudioVersion = 10.0.40219.1
Project("{9A19103F-16F7-4668-BE54-9A1E7A4F7556}") = "C# Tanımlama, Erişim ve Döngülerle Dizi Kullanımı", "C# Tanımlama, Erişim ve Döngülerle Dizi Kullanımı.csproj", "{D830760A-D497-4DA5-88E2-D0C8B5F332DB}"
EndProject
Global
	GlobalSection(SolutionConfigurationPlatforms) = preSolution
		Debug|Any CPU = Debug|Any CPU
		Release|Any CPU = Release|Any CPU
	EndGlobalSection
	GlobalSection(ProjectConfigurationPlatforms) = postSolution
		{D830760A-D497-4DA5-88E2-D0C8B5F332DB}.Debug|Any CPU.ActiveCfg = Debug|Any CPU
		{D830760A-D497-4DA5-88E2-D0C8B5F332DB}.Debug|Any CPU.Build.0 = Debug|Any CPU
		{D830760A-D497-4DA5-88E2-D0C8B5F332DB}.Release|Any CPU.ActiveCfg = Release|Any CPU
		{D830760A-D497-4DA5-88E2-D0C8B5F332DB}.Release|Any CPU.Build.0 = Release|Any CPU
	EndGlobalSection
	GlobalSection(SolutionProperties) = preSolution
		HideSolutionNode = FALSE
	EndGlobalSection
	GlobalSection(ExtensibilityGlobals) = postSolution
		SolutionGuid = {EACB7C7E-0708-4132-BFCC-1EB791D8FE25}
	EndGlobalSection
EndGlobal
