
Microsoft Visual Studio Solution File, Format Version 12.00
# Visual Studio Version 17
VisualStudioVersion = 17.7.34024.191
MinimumVisualStudioVersion = 10.0.40219.1
Project("{FAE04EC0-301F-11D3-BF4B-00C04F79EFBC}") = "Console Telefon Rehberi Uygulaması", "Console Telefon Rehberi Uygulaması\Console Telefon Rehberi Uygulaması.csproj", "{A689CB1B-55F7-47EC-BAC4-FB1252A4CB1C}"
EndProject
Global
	GlobalSection(SolutionConfigurationPlatforms) = preSolution
		Debug|Any CPU = Debug|Any CPU
		Release|Any CPU = Release|Any CPU
	EndGlobalSection
	GlobalSection(ProjectConfigurationPlatforms) = postSolution
		{A689CB1B-55F7-47EC-BAC4-FB1252A4CB1C}.Debug|Any CPU.ActiveCfg = Debug|Any CPU
		{A689CB1B-55F7-47EC-BAC4-FB1252A4CB1C}.Debug|Any CPU.Build.0 = Debug|Any CPU
		{A689CB1B-55F7-47EC-BAC4-FB1252A4CB1C}.Release|Any CPU.ActiveCfg = Release|Any CPU
		{A689CB1B-55F7-47EC-BAC4-FB1252A4CB1C}.Release|Any CPU.Build.0 = Release|Any CPU
	EndGlobalSection
	GlobalSection(SolutionProperties) = preSolution
		HideSolutionNode = FALSE
	EndGlobalSection
	GlobalSection(ExtensibilityGlobals) = postSolution
		SolutionGuid = {691F63AE-10BA-4E59-955D-952171D2252C}
	EndGlobalSection
EndGlobal
