
Microsoft Visual Studio Solution File, Format Version 12.00
# Visual Studio Version 17
VisualStudioVersion = 17.5.002.0
MinimumVisualStudioVersion = 10.0.40219.1
Project("{9A19103F-16F7-4668-BE54-9A1E7A4F7556}") = "Program to Find the Most Recurring Element in a Series", "Program to Find the Most Recurring Element in a Series.csproj", "{D8D5E47C-618A-4F39-85BC-1EF376A3F3CA}"
EndProject
Global
	GlobalSection(SolutionConfigurationPlatforms) = preSolution
		Debug|Any CPU = Debug|Any CPU
		Release|Any CPU = Release|Any CPU
	EndGlobalSection
	GlobalSection(ProjectConfigurationPlatforms) = postSolution
		{D8D5E47C-618A-4F39-85BC-1EF376A3F3CA}.Debug|Any CPU.ActiveCfg = Debug|Any CPU
		{D8D5E47C-618A-4F39-85BC-1EF376A3F3CA}.Debug|Any CPU.Build.0 = Debug|Any CPU
		{D8D5E47C-618A-4F39-85BC-1EF376A3F3CA}.Release|Any CPU.ActiveCfg = Release|Any CPU
		{D8D5E47C-618A-4F39-85BC-1EF376A3F3CA}.Release|Any CPU.Build.0 = Release|Any CPU
	EndGlobalSection
	GlobalSection(SolutionProperties) = preSolution
		HideSolutionNode = FALSE
	EndGlobalSection
	GlobalSection(ExtensibilityGlobals) = postSolution
		SolutionGuid = {963F2608-7ED9-40A0-8A96-74E37C6F0165}
	EndGlobalSection
EndGlobal
