
Microsoft Visual Studio Solution File, Format Version 12.00
# Visual Studio Version 17
VisualStudioVersion = 17.5.002.0
MinimumVisualStudioVersion = 10.0.40219.1
Project("{9A19103F-16F7-4668-BE54-9A1E7A4F7556}") = "C# String Metotlar", "C# String Metotlar.csproj", "{F05B7136-9520-4825-B8C6-4D17710192A2}"
EndProject
Global
	GlobalSection(SolutionConfigurationPlatforms) = preSolution
		Debug|Any CPU = Debug|Any CPU
		Release|Any CPU = Release|Any CPU
	EndGlobalSection
	GlobalSection(ProjectConfigurationPlatforms) = postSolution
		{F05B7136-9520-4825-B8C6-4D17710192A2}.Debug|Any CPU.ActiveCfg = Debug|Any CPU
		{F05B7136-9520-4825-B8C6-4D17710192A2}.Debug|Any CPU.Build.0 = Debug|Any CPU
		{F05B7136-9520-4825-B8C6-4D17710192A2}.Release|Any CPU.ActiveCfg = Release|Any CPU
		{F05B7136-9520-4825-B8C6-4D17710192A2}.Release|Any CPU.Build.0 = Release|Any CPU
	EndGlobalSection
	GlobalSection(SolutionProperties) = preSolution
		HideSolutionNode = FALSE
	EndGlobalSection
	GlobalSection(ExtensibilityGlobals) = postSolution
		SolutionGuid = {D4274FDD-7E94-4C13-9444-D28CD5227273}
	EndGlobalSection
EndGlobal
