
Microsoft Visual Studio Solution File, Format Version 12.00
# Visual Studio Version 17
VisualStudioVersion = 17.7.34024.191
MinimumVisualStudioVersion = 10.0.40219.1
Project("{FAE04EC0-301F-11D3-BF4B-00C04F79EFBC}") = "Koleksiyonlar Algoritma - sesli harfler", "Koleksiyonlar Algoritma - sesli harfler\Koleksiyonlar Algoritma - sesli harfler.csproj", "{0EE52361-1C58-47D1-920F-2CFD55B46452}"
EndProject
Global
	GlobalSection(SolutionConfigurationPlatforms) = preSolution
		Debug|Any CPU = Debug|Any CPU
		Release|Any CPU = Release|Any CPU
	EndGlobalSection
	GlobalSection(ProjectConfigurationPlatforms) = postSolution
		{0EE52361-1C58-47D1-920F-2CFD55B46452}.Debug|Any CPU.ActiveCfg = Debug|Any CPU
		{0EE52361-1C58-47D1-920F-2CFD55B46452}.Debug|Any CPU.Build.0 = Debug|Any CPU
		{0EE52361-1C58-47D1-920F-2CFD55B46452}.Release|Any CPU.ActiveCfg = Release|Any CPU
		{0EE52361-1C58-47D1-920F-2CFD55B46452}.Release|Any CPU.Build.0 = Release|Any CPU
	EndGlobalSection
	GlobalSection(SolutionProperties) = preSolution
		HideSolutionNode = FALSE
	EndGlobalSection
	GlobalSection(ExtensibilityGlobals) = postSolution
		SolutionGuid = {20373507-DCE5-4F57-8D0A-D2E756B2CFDA}
	EndGlobalSection
EndGlobal
