
Microsoft Visual Studio Solution File, Format Version 12.00
# Visual Studio Version 17
VisualStudioVersion = 17.5.002.0
MinimumVisualStudioVersion = 10.0.40219.1
Project("{9A19103F-16F7-4668-BE54-9A1E7A4F7556}") = "Exceptions - String to Integer", "Exceptions - String to Integer.csproj", "{0308AC41-3184-4D8D-A133-618589500584}"
EndProject
Global
	GlobalSection(SolutionConfigurationPlatforms) = preSolution
		Debug|Any CPU = Debug|Any CPU
		Release|Any CPU = Release|Any CPU
	EndGlobalSection
	GlobalSection(ProjectConfigurationPlatforms) = postSolution
		{0308AC41-3184-4D8D-A133-618589500584}.Debug|Any CPU.ActiveCfg = Debug|Any CPU
		{0308AC41-3184-4D8D-A133-618589500584}.Debug|Any CPU.Build.0 = Debug|Any CPU
		{0308AC41-3184-4D8D-A133-618589500584}.Release|Any CPU.ActiveCfg = Release|Any CPU
		{0308AC41-3184-4D8D-A133-618589500584}.Release|Any CPU.Build.0 = Release|Any CPU
	EndGlobalSection
	GlobalSection(SolutionProperties) = preSolution
		HideSolutionNode = FALSE
	EndGlobalSection
	GlobalSection(ExtensibilityGlobals) = postSolution
		SolutionGuid = {A97F81FE-AC3D-44E8-9BF6-6E39345AFD6F}
	EndGlobalSection
EndGlobal
